{
  "originHash" : "ececd617c5d62127d680e86a1cba84cbd8b9e76d250f95d954677260186728d1",
  "pins" : [
    {
      "identity" : "fitfileparser",
      "kind" : "remoteSourceControl",
      "location" : "https://github.com/roznet/FitFileParser",
      "state" : {
        "revision" : "afcdf1677d89819f305f7714bb3b6a18dca05cc6",
        "version" : "1.5.2"
      }
    },
    {
      "identity" : "swift-package-manager-google-mobile-ads",
      "kind" : "remoteSourceControl",
      "location" : "https://github.com/googleads/swift-package-manager-google-mobile-ads",
      "state" : {
        "revision" : "a81f522aa4f59c0d90ee523d703bd426d5b27a03",
        "version" : "13.4.0"
      }
    },
    {
      "identity" : "swift-package-manager-google-user-messaging-platform",
      "kind" : "remoteSourceControl",
      "location" : "https://github.com/googleads/swift-package-manager-google-user-messaging-platform.git",
      "state" : {
        "revision" : "13b248eaa73b7826f0efb1bcf455e251d65ecb1b",
        "version" : "3.1.0"
      }
    }
  ],
  "version" : 3
}
